
Microsoft Visual Studio Solution File, Format Version 12.00
# Visual Studio Version 17
VisualStudioVersion = 17.7.34031.279
MinimumVisualStudioVersion = 10.0.40219.1
Project("{FAE04EC0-301F-11D3-BF4B-00C04F79EFBC}") = "MotdEditor", "MotdEditor.csproj", "{290F1213-0961-40DA-BBBE-C563A5E39014}"
EndProject
Global
	GlobalSection(SolutionConfigurationPlatforms) = preSolution
		Debug|Any CPU = Debug|Any CPU
		Release|Any CPU = Release|Any CPU
	EndGlobalSection
	GlobalSection(ProjectConfigurationPlatforms) = postSolution
		{290F1213-0961-40DA-BBBE-C563A5E39014}.Debug|Any CPU.ActiveCfg = Debug|Any CPU
		{290F1213-0961-40DA-BBBE-C563A5E39014}.Debug|Any CPU.Build.0 = Debug|Any CPU
		{290F1213-0961-40DA-BBBE-C563A5E39014}.Release|Any CPU.ActiveCfg = Release|Any CPU
		{290F1213-0961-40DA-BBBE-C563A5E39014}.Release|Any CPU.Build.0 = Release|Any CPU
	EndGlobalSection
	GlobalSection(SolutionProperties) = preSolution
		HideSolutionNode = FALSE
	EndGlobalSection
	GlobalSection(ExtensibilityGlobals) = postSolution
		SolutionGuid = {32F84694-14C7-45E5-9864-A42E2433CD0D}
	EndGlobalSection
EndGlobal
